// !$*UTF8*$!
{
	archiveVersion = 1;
	classes = {
	};
	objectVersion = 51;
	objects = {

/* Begin PBXBuildFile section */
		1345349FBA0D189D4C4E2096 /* Pods_Buromotors.framework in Frameworks */ = {isa = PBXBuildFile; fileRef = 5512FBF495F8D18F4C0EDD5E /* Pods_Buromotors.framework */; };
		8B13CA112524A4C700B392C7 /* MyProfileViewController.swift in Sources */ = {isa = PBXBuildFile; fileRef = 8B13CA102524A4C700B392C7 /* MyProfileViewController.swift */; };
		8B6A87D12529E67A003C0231 /* ProfileType.swift in Sources */ = {isa = PBXBuildFile; fileRef = 8B6A87D02529E67A003C0231 /* ProfileType.swift */; };
		8B6A87D62529E92B003C0231 /* URLs.swift in Sources */ = {isa = PBXBuildFile; fileRef = 8B6A87D52529E92B003C0231 /* URLs.swift */; };
		8BB164942545DFCF001A4502 /* WorksViewCell.swift in Sources */ = {isa = PBXBuildFile; fileRef = 8BB164922545DFCF001A4502 /* WorksViewCell.swift */; };
		8BB164952545DFCF001A4502 /* WorksViewCell.xib in Resources */ = {isa = PBXBuildFile; fileRef = 8BB164932545DFCF001A4502 /* WorksViewCell.xib */; };
		8BC63B80251E038F0030A7B0 /* Dictionary+extension.swift in Sources */ = {isa = PBXBuildFile; fileRef = 8BC63B7F251E038F0030A7B0 /* Dictionary+extension.swift */; };
		8BC63B85251E056A0030A7B0 /* UIViewConctroller+extension.swift in Sources */ = {isa = PBXBuildFile; fileRef = 8BC63B84251E056A0030A7B0 /* UIViewConctroller+extension.swift */; };
		8BC63B88251E079F0030A7B0 /* OrdersListViewController.swift in Sources */ = {isa = PBXBuildFile; fileRef = 8BC63B87251E079F0030A7B0 /* OrdersListViewController.swift */; };
		8BC63B8B251E09BF0030A7B0 /* ProfileService.swift in Sources */ = {isa = PBXBuildFile; fileRef = 8BC63B8A251E09BF0030A7B0 /* ProfileService.swift */; };
		8BC63B8F251E0CB70030A7B0 /* UserProfile.swift in Sources */ = {isa = PBXBuildFile; fileRef = 8BC63B8E251E0CB70030A7B0 /* UserProfile.swift */; };
		8BC63B99251E0DE60030A7B0 /* UserProfileModel.swift in Sources */ = {isa = PBXBuildFile; fileRef = 8BC63B98251E0DE60030A7B0 /* UserProfileModel.swift */; };
		8BDEF90D257A6E7700769786 /* RegUserViewController.swift in Sources */ = {isa = PBXBuildFile; fileRef = 8BDEF90C257A6E7700769786 /* RegUserViewController.swift */; };
		8BEB4B03251B65AC00E2805F /* AthService.swift in Sources */ = {isa = PBXBuildFile; fileRef = 8BEB4B02251B65AC00E2805F /* AthService.swift */; };
		8BEB4B06251B880700E2805F /* TokenService.swift in Sources */ = {isa = PBXBuildFile; fileRef = 8BEB4B05251B880700E2805F /* TokenService.swift */; };
		8BF6E31E2555CCF40074A10A /* DocFilter.swift in Sources */ = {isa = PBXBuildFile; fileRef = 8BF6E31D2555CCF40074A10A /* DocFilter.swift */; };
		8BF86229252DE5EC00371B07 /* DocumentTableViewCell.swift in Sources */ = {isa = PBXBuildFile; fileRef = 8BF86227252DE5EC00371B07 /* DocumentTableViewCell.swift */; };
		8BF8622A252DE5EC00371B07 /* DocumentTableViewCell.xib in Resources */ = {isa = PBXBuildFile; fileRef = 8BF86228252DE5EC00371B07 /* DocumentTableViewCell.xib */; };
		ED034BC8253C5403003239BA /* RegistrationViewController.swift in Sources */ = {isa = PBXBuildFile; fileRef = ED034BC7253C5403003239BA /* RegistrationViewController.swift */; };
		ED2DD852251CFE6500F4566F /* MainViewController.swift in Sources */ = {isa = PBXBuildFile; fileRef = ED2DD851251CFE6500F4566F /* MainViewController.swift */; };
		ED3238F225261D1800FD9F6F /* OrderService.swift in Sources */ = {isa = PBXBuildFile; fileRef = ED3238F125261D1800FD9F6F /* OrderService.swift */; };
		ED46F1842546DD6D00B9B70A /* ZapTableViewCell.swift in Sources */ = {isa = PBXBuildFile; fileRef = ED46F1822546DD6D00B9B70A /* ZapTableViewCell.swift */; };
		ED46F1852546DD6D00B9B70A /* ZapTableViewCell.xib in Resources */ = {isa = PBXBuildFile; fileRef = ED46F1832546DD6D00B9B70A /* ZapTableViewCell.xib */; };
		ED5C4B04254961F000645CE2 /* DocumentStatus.swift in Sources */ = {isa = PBXBuildFile; fileRef = ED5C4B03254961F000645CE2 /* DocumentStatus.swift */; };
		ED6613A72535B61C00A98419 /* UserInfoModel.swift in Sources */ = {isa = PBXBuildFile; fileRef = ED6613A62535B61C00A98419 /* UserInfoModel.swift */; };
		ED6613AA2535B62C00A98419 /* UserInfo.swift in Sources */ = {isa = PBXBuildFile; fileRef = ED6613A92535B62C00A98419 /* UserInfo.swift */; };
		ED6613AE2535C50F00A98419 /* AdEntity.swift in Sources */ = {isa = PBXBuildFile; fileRef = ED6613AD2535C50F00A98419 /* AdEntity.swift */; };
		ED6613B22535C52A00A98419 /* AdEntityModel.swift in Sources */ = {isa = PBXBuildFile; fileRef = ED6613B12535C52A00A98419 /* AdEntityModel.swift */; };
		ED68CF102559599A00E8FC67 /* FilterViewController.swift in Sources */ = {isa = PBXBuildFile; fileRef = ED68CF0F2559599A00E8FC67 /* FilterViewController.swift */; };
		ED6A45AF2541DB1700BA330E /* UserRoleModel.swift in Sources */ = {isa = PBXBuildFile; fileRef = ED6A45AE2541DB1700BA330E /* UserRoleModel.swift */; };
		ED6A45B22541DB9400BA330E /* UserRole.swift in Sources */ = {isa = PBXBuildFile; fileRef = ED6A45B12541DB9400BA330E /* UserRole.swift */; };
		ED71A3A6253DE1A900324D6C /* ServiceWorkViewController.swift in Sources */ = {isa = PBXBuildFile; fileRef = ED71A3A5253DE1A900324D6C /* ServiceWorkViewController.swift */; };
		ED71A3A9253DE21400324D6C /* ZapServiceViewController.swift in Sources */ = {isa = PBXBuildFile; fileRef = ED71A3A8253DE21400324D6C /* ZapServiceViewController.swift */; };
		ED72C9732549C0D000E10F58 /* Register.swift in Sources */ = {isa = PBXBuildFile; fileRef = ED72C9722549C0D000E10F58 /* Register.swift */; };
		ED72C9762549C0E400E10F58 /* RegisterModel.swift in Sources */ = {isa = PBXBuildFile; fileRef = ED72C9752549C0E400E10F58 /* RegisterModel.swift */; };
		ED8D9602258A949700FBDE9E /* OrdersDetailsViewController.swift in Sources */ = {isa = PBXBuildFile; fileRef = ED8D9601258A949700FBDE9E /* OrdersDetailsViewController.swift */; };
		ED8DABCC25483C4900B82EC2 /* PaidStatus.swift in Sources */ = {isa = PBXBuildFile; fileRef = ED8DABCB25483C4900B82EC2 /* PaidStatus.swift */; };
		EDA044A52508C54000FDF321 /* AppDelegate.swift in Sources */ = {isa = PBXBuildFile; fileRef = EDA044A42508C54000FDF321 /* AppDelegate.swift */; };
		EDA044A72508C54000FDF321 /* SceneDelegate.swift in Sources */ = {isa = PBXBuildFile; fileRef = EDA044A62508C54000FDF321 /* SceneDelegate.swift */; };
		EDA044A92508C54000FDF321 /* ViewController.swift in Sources */ = {isa = PBXBuildFile; fileRef = EDA044A82508C54000FDF321 /* ViewController.swift */; };
		EDA044AC2508C54000FDF321 /* Main.storyboard in Resources */ = {isa = PBXBuildFile; fileRef = EDA044AA2508C54000FDF321 /* Main.storyboard */; };
		EDA044AE2508C54100FDF321 /* Assets.xcassets in Resources */ = {isa = PBXBuildFile; fileRef = EDA044AD2508C54100FDF321 /* Assets.xcassets */; };
		EDA044B12508C54100FDF321 /* LaunchScreen.storyboard in Resources */ = {isa = PBXBuildFile; fileRef = EDA044AF2508C54100FDF321 /* LaunchScreen.storyboard */; };
		EDABC23B252F1B6400BC3147 /* WorkOrderService.swift in Sources */ = {isa = PBXBuildFile; fileRef = EDABC23A252F1B6400BC3147 /* WorkOrderService.swift */; };
		EDABC23D252F2CE800BC3147 /* OrderDetailsViewController.swift in Sources */ = {isa = PBXBuildFile; fileRef = EDABC23C252F2CE800BC3147 /* OrderDetailsViewController.swift */; };
		EDE21DFB253864600039278E /* AdvertisingService.swift in Sources */ = {isa = PBXBuildFile; fileRef = EDE21DFA253864600039278E /* AdvertisingService.swift */; };
		EDFF96822520EF10002E557A /* ServiceDocument.swift in Sources */ = {isa = PBXBuildFile; fileRef = EDFF96812520EF10002E557A /* ServiceDocument.swift */; };
		EDFF96842520EF24002E557A /* ServiceDocumentModel.swift in Sources */ = {isa = PBXBuildFile; fileRef = EDFF96832520EF24002E557A /* ServiceDocumentModel.swift */; };
		EDFF96862520F092002E557A /* ServiceWork.swift in Sources */ = {isa = PBXBuildFile; fileRef = EDFF96852520F092002E557A /* ServiceWork.swift */; };
		EDFF96882520F09F002E557A /* ServiceWorkModel.swift in Sources */ = {isa = PBXBuildFile; fileRef = EDFF96872520F09F002E557A /* ServiceWorkModel.swift */; };
		EDFF968A2520F17D002E557A /* ServiceAddon.swift in Sources */ = {isa = PBXBuildFile; fileRef = EDFF96892520F17D002E557A /* ServiceAddon.swift */; };
		EDFF968C2520F186002E557A /* ServiceAddonModel.swift in Sources */ = {isa = PBXBuildFile; fileRef = EDFF968B2520F186002E557A /* ServiceAddonModel.swift */; };
		EDFF968E2520F1F7002E557A /* Vehicle.swift in Sources */ = {isa = PBXBuildFile; fileRef = EDFF968D2520F1F7002E557A /* Vehicle.swift */; };
		EDFF96902520F202002E557A /* VehicleModel.swift in Sources */ = {isa = PBXBuildFile; fileRef = EDFF968F2520F202002E557A /* VehicleModel.swift */; };
		EDFF96922520F28C002E557A /* VehicleMileage.swift in Sources */ = {isa = PBXBuildFile; fileRef = EDFF96912520F28C002E557A /* VehicleMileage.swift */; };
		EDFF96942520F29B002E557A /* VehicleMileageModel.swift in Sources */ = {isa = PBXBuildFile; fileRef = EDFF96932520F29B002E557A /* VehicleMileageModel.swift */; };
		EDFF96962520F2DE002E557A /* Customer.swift in Sources */ = {isa = PBXBuildFile; fileRef = EDFF96952520F2DE002E557A /* Customer.swift */; };
		EDFF96982520F2EA002E557A /* CustomerModel.swift in Sources */ = {isa = PBXBuildFile; fileRef = EDFF96972520F2EA002E557A /* CustomerModel.swift */; };
/* End PBXBuildFile section */

/* Begin PBXFileReference section */
		2D58037131A1917D6248B73D /* Pods-Buromotors.release.xcconfig */ = {isa = PBXFileReference; includeInIndex = 1; lastKnownFileType = text.xcconfig; name = "Pods-Buromotors.release.xcconfig"; path = "Target Support Files/Pods-Buromotors/Pods-Buromotors.release.xcconfig"; sourceTree = "<group>"; };
		36D617D3361E2C32A74A2413 /* Pods-Buromotors.debug.xcconfig */ = {isa = PBXFileReference; includeInIndex = 1; lastKnownFileType = text.xcconfig; name = "Pods-Buromotors.debug.xcconfig"; path = "Target Support Files/Pods-Buromotors/Pods-Buromotors.debug.xcconfig"; sourceTree = "<group>"; };
		5512FBF495F8D18F4C0EDD5E /* Pods_Buromotors.framework */ = {isa = PBXFileReference; explicitFileType = wrapper.framework; includeInIndex = 0; path = Pods_Buromotors.framework; sourceTree = BUILT_PRODUCTS_DIR; };
		8B13CA102524A4C700B392C7 /* MyProfileViewController.swift */ = {isa = PBXFileReference; lastKnownFileType = sourcecode.swift; path = MyProfileViewController.swift; sourceTree = "<group>"; };
		8B6A87D02529E67A003C0231 /* ProfileType.swift */ = {isa = PBXFileReference; lastKnownFileType = sourcecode.swift; path = ProfileType.swift; sourceTree = "<group>"; };
		8B6A87D52529E92B003C0231 /* URLs.swift */ = {isa = PBXFileReference; lastKnownFileType = sourcecode.swift; path = URLs.swift; sourceTree = "<group>"; };
		8BB164922545DFCF001A4502 /* WorksViewCell.swift */ = {isa = PBXFileReference; lastKnownFileType = sourcecode.swift; path = WorksViewCell.swift; sourceTree = "<group>"; };
		8BB164932545DFCF001A4502 /* WorksViewCell.xib */ = {isa = PBXFileReference; lastKnownFileType = file.xib; path = WorksViewCell.xib; sourceTree = "<group>"; };
		8BC63B7F251E038F0030A7B0 /* Dictionary+extension.swift */ = {isa = PBXFileReference; lastKnownFileType = sourcecode.swift; path = "Dictionary+extension.swift"; sourceTree = "<group>"; };
		8BC63B84251E056A0030A7B0 /* UIViewConctroller+extension.swift */ = {isa = PBXFileReference; lastKnownFileType = sourcecode.swift; path = "UIViewConctroller+extension.swift"; sourceTree = "<group>"; };
		8BC63B87251E079F0030A7B0 /* OrdersListViewController.swift */ = {isa = PBXFileReference; lastKnownFileType = sourcecode.swift; path = OrdersListViewController.swift; sourceTree = "<group>"; };
		8BC63B8A251E09BF0030A7B0 /* ProfileService.swift */ = {isa = PBXFileReference; lastKnownFileType = sourcecode.swift; path = ProfileService.swift; sourceTree = "<group>"; };
		8BC63B8E251E0CB70030A7B0 /* UserProfile.swift */ = {isa = PBXFileReference; lastKnownFileType = sourcecode.swift; path = UserProfile.swift; sourceTree = "<group>"; };
		8BC63B98251E0DE60030A7B0 /* UserProfileModel.swift */ = {isa = PBXFileReference; lastKnownFileType = sourcecode.swift; path = UserProfileModel.swift; sourceTree = "<group>"; };
		8BDEF90C257A6E7700769786 /* RegUserViewController.swift */ = {isa = PBXFileReference; lastKnownFileType = sourcecode.swift; path = RegUserViewController.swift; sourceTree = "<group>"; };
		8BEB4B02251B65AC00E2805F /* AthService.swift */ = {isa = PBXFileReference; lastKnownFileType = sourcecode.swift; path = AthService.swift; sourceTree = "<group>"; };
		8BEB4B05251B880700E2805F /* TokenService.swift */ = {isa = PBXFileReference; lastKnownFileType = sourcecode.swift; path = TokenService.swift; sourceTree = "<group>"; };
		8BF6E31D2555CCF40074A10A /* DocFilter.swift */ = {isa = PBXFileReference; lastKnownFileType = sourcecode.swift; path = DocFilter.swift; sourceTree = "<group>"; };
		8BF86227252DE5EC00371B07 /* DocumentTableViewCell.swift */ = {isa = PBXFileReference; lastKnownFileType = sourcecode.swift; path = DocumentTableViewCell.swift; sourceTree = "<group>"; };
		8BF86228252DE5EC00371B07 /* DocumentTableViewCell.xib */ = {isa = PBXFileReference; lastKnownFileType = file.xib; path = DocumentTableViewCell.xib; sourceTree = "<group>"; };
		ED034BC7253C5403003239BA /* RegistrationViewController.swift */ = {isa = PBXFileReference; lastKnownFileType = sourcecode.swift; path = RegistrationViewController.swift; sourceTree = "<group>"; };
		ED2DD851251CFE6500F4566F /* MainViewController.swift */ = {isa = PBXFileReference; lastKnownFileType = sourcecode.swift; path = MainViewController.swift; sourceTree = "<group>"; };
		ED3238F125261D1800FD9F6F /* OrderService.swift */ = {isa = PBXFileReference; lastKnownFileType = sourcecode.swift; path = OrderService.swift; sourceTree = "<group>"; };
		ED46F1822546DD6D00B9B70A /* ZapTableViewCell.swift */ = {isa = PBXFileReference; lastKnownFileType = sourcecode.swift; path = ZapTableViewCell.swift; sourceTree = "<group>"; };
		ED46F1832546DD6D00B9B70A /* ZapTableViewCell.xib */ = {isa = PBXFileReference; lastKnownFileType = file.xib; path = ZapTableViewCell.xib; sourceTree = "<group>"; };
		ED5C4B03254961F000645CE2 /* DocumentStatus.swift */ = {isa = PBXFileReference; lastKnownFileType = sourcecode.swift; path = DocumentStatus.swift; sourceTree = "<group>"; };
		ED6613A62535B61C00A98419 /* UserInfoModel.swift */ = {isa = PBXFileReference; lastKnownFileType = sourcecode.swift; path = UserInfoModel.swift; sourceTree = "<group>"; };
		ED6613A92535B62C00A98419 /* UserInfo.swift */ = {isa = PBXFileReference; lastKnownFileType = sourcecode.swift; path = UserInfo.swift; sourceTree = "<group>"; };
		ED6613AD2535C50F00A98419 /* AdEntity.swift */ = {isa = PBXFileReference; lastKnownFileType = sourcecode.swift; path = AdEntity.swift; sourceTree = "<group>"; };
		ED6613B12535C52A00A98419 /* AdEntityModel.swift */ = {isa = PBXFileReference; lastKnownFileType = sourcecode.swift; path = AdEntityModel.swift; sourceTree = "<group>"; };
		ED68CF0F2559599A00E8FC67 /* FilterViewController.swift */ = {isa = PBXFileReference; lastKnownFileType = sourcecode.swift; path = FilterViewController.swift; sourceTree = "<group>"; };
		ED6A45AE2541DB1700BA330E /* UserRoleModel.swift */ = {isa = PBXFileReference; lastKnownFileType = sourcecode.swift; path = UserRoleModel.swift; sourceTree = "<group>"; };
		ED6A45B12541DB9400BA330E /* UserRole.swift */ = {isa = PBXFileReference; lastKnownFileType = sourcecode.swift; path = UserRole.swift; sourceTree = "<group>"; };
		ED71A3A5253DE1A900324D6C /* ServiceWorkViewController.swift */ = {isa = PBXFileReference; lastKnownFileType = sourcecode.swift; path = ServiceWorkViewController.swift; sourceTree = "<group>"; };
		ED71A3A8253DE21400324D6C /* ZapServiceViewController.swift */ = {isa = PBXFileReference; lastKnownFileType = sourcecode.swift; path = ZapServiceViewController.swift; sourceTree = "<group>"; };
		ED72C9722549C0D000E10F58 /* Register.swift */ = {isa = PBXFileReference; lastKnownFileType = sourcecode.swift; path = Register.swift; sourceTree = "<group>"; };
		ED72C9752549C0E400E10F58 /* RegisterModel.swift */ = {isa = PBXFileReference; lastKnownFileType = sourcecode.swift; path = RegisterModel.swift; sourceTree = "<group>"; };
		ED8D9601258A949700FBDE9E /* OrdersDetailsViewController.swift */ = {isa = PBXFileReference; lastKnownFileType = sourcecode.swift; path = OrdersDetailsViewController.swift; sourceTree = "<group>"; };
		ED8DABCB25483C4900B82EC2 /* PaidStatus.swift */ = {isa = PBXFileReference; lastKnownFileType = sourcecode.swift; path = PaidStatus.swift; sourceTree = "<group>"; };
		EDA044A12508C54000FDF321 /* Buromotors.app */ = {isa = PBXFileReference; explicitFileType = wrapper.application; includeInIndex = 0; path = Buromotors.app; sourceTree = BUILT_PRODUCTS_DIR; };
		EDA044A42508C54000FDF321 /* AppDelegate.swift */ = {isa = PBXFileReference; lastKnownFileType = sourcecode.swift; path = AppDelegate.swift; sourceTree = "<group>"; };
		EDA044A62508C54000FDF321 /* SceneDelegate.swift */ = {isa = PBXFileReference; lastKnownFileType = sourcecode.swift; path = SceneDelegate.swift; sourceTree = "<group>"; };
		EDA044A82508C54000FDF321 /* ViewController.swift */ = {isa = PBXFileReference; lastKnownFileType = sourcecode.swift; path = ViewController.swift; sourceTree = "<group>"; };
		EDA044AB2508C54000FDF321 /* Base */ = {isa = PBXFileReference; lastKnownFileType = file.storyboard; name = Base; path = Base.lproj/Main.storyboard; sourceTree = "<group>"; };
		EDA044AD2508C54100FDF321 /* Assets.xcassets */ = {isa = PBXFileReference; lastKnownFileType = folder.assetcatalog; path = Assets.xcassets; sourceTree = "<group>"; };
		EDA044B02508C54100FDF321 /* Base */ = {isa = PBXFileReference; lastKnownFileType = file.storyboard; name = Base; path = Base.lproj/LaunchScreen.storyboard; sourceTree = "<group>"; };
		EDA044B22508C54100FDF321 /* Info.plist */ = {isa = PBXFileReference; lastKnownFileType = text.plist.xml; path = Info.plist; sourceTree = "<group>"; };
		EDABC23A252F1B6400BC3147 /* WorkOrderService.swift */ = {isa = PBXFileReference; lastKnownFileType = sourcecode.swift; path = WorkOrderService.swift; sourceTree = "<group>"; };
		EDABC23C252F2CE800BC3147 /* OrderDetailsViewController.swift */ = {isa = PBXFileReference; lastKnownFileType = sourcecode.swift; path = OrderDetailsViewController.swift; sourceTree = "<group>"; };
		EDE21DFA253864600039278E /* AdvertisingService.swift */ = {isa = PBXFileReference; lastKnownFileType = sourcecode.swift; path = AdvertisingService.swift; sourceTree = "<group>"; };
		EDFF96812520EF10002E557A /* ServiceDocument.swift */ = {isa = PBXFileReference; lastKnownFileType = sourcecode.swift; path = ServiceDocument.swift; sourceTree = "<group>"; };
		EDFF96832520EF24002E557A /* ServiceDocumentModel.swift */ = {isa = PBXFileReference; lastKnownFileType = sourcecode.swift; path = ServiceDocumentModel.swift; sourceTree = "<group>"; };
		EDFF96852520F092002E557A /* ServiceWork.swift */ = {isa = PBXFileReference; lastKnownFileType = sourcecode.swift; path = ServiceWork.swift; sourceTree = "<group>"; };
		EDFF96872520F09F002E557A /* ServiceWorkModel.swift */ = {isa = PBXFileReference; lastKnownFileType = sourcecode.swift; path = ServiceWorkModel.swift; sourceTree = "<group>"; };
		EDFF96892520F17D002E557A /* ServiceAddon.swift */ = {isa = PBXFileReference; lastKnownFileType = sourcecode.swift; path = ServiceAddon.swift; sourceTree = "<group>"; };
		EDFF968B2520F186002E557A /* ServiceAddonModel.swift */ = {isa = PBXFileReference; lastKnownFileType = sourcecode.swift; path = ServiceAddonModel.swift; sourceTree = "<group>"; };
		EDFF968D2520F1F7002E557A /* Vehicle.swift */ = {isa = PBXFileReference; lastKnownFileType = sourcecode.swift; path = Vehicle.swift; sourceTree = "<group>"; };
		EDFF968F2520F202002E557A /* VehicleModel.swift */ = {isa = PBXFileReference; lastKnownFileType = sourcecode.swift; path = VehicleModel.swift; sourceTree = "<group>"; };
		EDFF96912520F28C002E557A /* VehicleMileage.swift */ = {isa = PBXFileReference; lastKnownFileType = sourcecode.swift; path = VehicleMileage.swift; sourceTree = "<group>"; };
		EDFF96932520F29B002E557A /* VehicleMileageModel.swift */ = {isa = PBXFileReference; lastKnownFileType = sourcecode.swift; path = VehicleMileageModel.swift; sourceTree = "<group>"; };
		EDFF96952520F2DE002E557A /* Customer.swift */ = {isa = PBXFileReference; lastKnownFileType = sourcecode.swift; path = Customer.swift; sourceTree = "<group>"; };
		EDFF96972520F2EA002E557A /* CustomerModel.swift */ = {isa = PBXFileReference; lastKnownFileType = sourcecode.swift; path = CustomerModel.swift; sourceTree = "<group>"; };
/* End PBXFileReference section */

/* Begin PBXFrameworksBuildPhase section */
		EDA0449E2508C54000FDF321 /* Frameworks */ = {
			isa = PBXFrameworksBuildPhase;
			buildActionMask = 2147483647;
			files = (
				1345349FBA0D189D4C4E2096 /* Pods_Buromotors.framework in Frameworks */,
			);
			runOnlyForDeploymentPostprocessing = 0;
		};
/* End PBXFrameworksBuildPhase section */

/* Begin PBXGroup section */
		2B9784A5BD81FFFEF579986A /* Frameworks */ = {
			isa = PBXGroup;
			children = (
				5512FBF495F8D18F4C0EDD5E /* Pods_Buromotors.framework */,
			);
			name = Frameworks;
			sourceTree = "<group>";
		};
		8B13CA132524A4D500B392C7 /* Service */ = {
			isa = PBXGroup;
			children = (
				8BEB4B02251B65AC00E2805F /* AthService.swift */,
				8BC63B8A251E09BF0030A7B0 /* ProfileService.swift */,
				8BEB4B05251B880700E2805F /* TokenService.swift */,
				ED3238F125261D1800FD9F6F /* OrderService.swift */,
				EDABC23A252F1B6400BC3147 /* WorkOrderService.swift */,
				EDE21DFA253864600039278E /* AdvertisingService.swift */,
			);
			path = Service;
			sourceTree = "<group>";
		};
		8B6A87D32529E915003C0231 /* Helper */ = {
			isa = PBXGroup;
			children = (
				8B6A87D52529E92B003C0231 /* URLs.swift */,
			);
			path = Helper;
			sourceTree = "<group>";
		};
		8BC63B7E251E036F0030A7B0 /* Extension */ = {
			isa = PBXGroup;
			children = (
				8BC63B7F251E038F0030A7B0 /* Dictionary+extension.swift */,
				8BC63B84251E056A0030A7B0 /* UIViewConctroller+extension.swift */,
			);
			path = Extension;
			sourceTree = "<group>";
		};
		8BC63B8D251E0CA30030A7B0 /* Model */ = {
			isa = PBXGroup;
			children = (
				8B6A87D02529E67A003C0231 /* ProfileType.swift */,
				8BF6E31D2555CCF40074A10A /* DocFilter.swift */,
				ED6613A92535B62C00A98419 /* UserInfo.swift */,
				ED6613A62535B61C00A98419 /* UserInfoModel.swift */,
				8BC63B8E251E0CB70030A7B0 /* UserProfile.swift */,
				8BC63B98251E0DE60030A7B0 /* UserProfileModel.swift */,
				EDFF96812520EF10002E557A /* ServiceDocument.swift */,
				EDFF96832520EF24002E557A /* ServiceDocumentModel.swift */,
				EDFF96852520F092002E557A /* ServiceWork.swift */,
				EDFF96872520F09F002E557A /* ServiceWorkModel.swift */,
				EDFF96892520F17D002E557A /* ServiceAddon.swift */,
				EDFF968B2520F186002E557A /* ServiceAddonModel.swift */,
				EDFF968D2520F1F7002E557A /* Vehicle.swift */,
				EDFF968F2520F202002E557A /* VehicleModel.swift */,
				EDFF96912520F28C002E557A /* VehicleMileage.swift */,
				EDFF96932520F29B002E557A /* VehicleMileageModel.swift */,
				EDFF96952520F2DE002E557A /* Customer.swift */,
				EDFF96972520F2EA002E557A /* CustomerModel.swift */,
				ED6613AD2535C50F00A98419 /* AdEntity.swift */,
				ED6613B12535C52A00A98419 /* AdEntityModel.swift */,
				ED6A45B12541DB9400BA330E /* UserRole.swift */,
				ED6A45AE2541DB1700BA330E /* UserRoleModel.swift */,
				ED8DABCB25483C4900B82EC2 /* PaidStatus.swift */,
				ED5C4B03254961F000645CE2 /* DocumentStatus.swift */,
				ED72C9722549C0D000E10F58 /* Register.swift */,
				ED72C9752549C0E400E10F58 /* RegisterModel.swift */,
			);
			path = Model;
			sourceTree = "<group>";
		};
		8BF86226252DE58F00371B07 /* View */ = {
			isa = PBXGroup;
			children = (
				8BF86227252DE5EC00371B07 /* DocumentTableViewCell.swift */,
				8BF86228252DE5EC00371B07 /* DocumentTableViewCell.xib */,
				8BB164922545DFCF001A4502 /* WorksViewCell.swift */,
				8BB164932545DFCF001A4502 /* WorksViewCell.xib */,
				ED46F1822546DD6D00B9B70A /* ZapTableViewCell.swift */,
				ED46F1832546DD6D00B9B70A /* ZapTableViewCell.xib */,
			);
			path = View;
			sourceTree = "<group>";
		};
		96211CC9950C121ACE50851A /* Pods */ = {
			isa = PBXGroup;
			children = (
				36D617D3361E2C32A74A2413 /* Pods-Buromotors.debug.xcconfig */,
				2D58037131A1917D6248B73D /* Pods-Buromotors.release.xcconfig */,
			);
			path = Pods;
			sourceTree = "<group>";
		};
		EDA044982508C54000FDF321 = {
			isa = PBXGroup;
			children = (
				EDA044A32508C54000FDF321 /* Buromotors */,
				EDA044A22508C54000FDF321 /* Products */,
				96211CC9950C121ACE50851A /* Pods */,
				2B9784A5BD81FFFEF579986A /* Frameworks */,
			);
			sourceTree = "<group>";
		};
		EDA044A22508C54000FDF321 /* Products */ = {
			isa = PBXGroup;
			children = (
				EDA044A12508C54000FDF321 /* Buromotors.app */,
			);
			name = Products;
			sourceTree = "<group>";
		};
		EDA044A32508C54000FDF321 /* Buromotors */ = {
			isa = PBXGroup;
			children = (
				8B6A87D32529E915003C0231 /* Helper */,
				8B13CA132524A4D500B392C7 /* Service */,
				8BC63B8D251E0CA30030A7B0 /* Model */,
				8BC63B7E251E036F0030A7B0 /* Extension */,
				EDA044A42508C54000FDF321 /* AppDelegate.swift */,
				8BF86226252DE58F00371B07 /* View */,
				8B13CA102524A4C700B392C7 /* MyProfileViewController.swift */,
				EDA044A62508C54000FDF321 /* SceneDelegate.swift */,
				EDA044A82508C54000FDF321 /* ViewController.swift */,
				8BC63B87251E079F0030A7B0 /* OrdersListViewController.swift */,
				EDA044AA2508C54000FDF321 /* Main.storyboard */,
				EDA044AD2508C54100FDF321 /* Assets.xcassets */,
				EDA044AF2508C54100FDF321 /* LaunchScreen.storyboard */,
				EDA044B22508C54100FDF321 /* Info.plist */,
				ED2DD851251CFE6500F4566F /* MainViewController.swift */,
				ED034BC7253C5403003239BA /* RegistrationViewController.swift */,
				ED71A3A5253DE1A900324D6C /* ServiceWorkViewController.swift */,
				ED71A3A8253DE21400324D6C /* ZapServiceViewController.swift */,
				ED68CF0F2559599A00E8FC67 /* FilterViewController.swift */,
				EDABC23C252F2CE800BC3147 /* OrderDetailsViewController.swift */,
				ED8D9601258A949700FBDE9E /* OrdersDetailsViewController.swift */,
				8BDEF90C257A6E7700769786 /* RegUserViewController.swift */,
			);
			path = Buromotors;
			sourceTree = "<group>";
		};
/* End PBXGroup section */

/* Begin PBXNativeTarget section */
		EDA044A02508C54000FDF321 /* Buromotors */ = {
			isa = PBXNativeTarget;
			buildConfigurationList = EDA044B52508C54100FDF321 /* Build configuration list for PBXNativeTarget "Buromotors" */;
			buildPhases = (
				6298FDDAC9561B7FADEE0CD8 /* [CP] Check Pods Manifest.lock */,
				EDA0449D2508C54000FDF321 /* Sources */,
				EDA0449E2508C54000FDF321 /* Frameworks */,
				EDA0449F2508C54000FDF321 /* Resources */,
				972D740896D7361031032419 /* [CP] Embed Pods Frameworks */,
			);
			buildRules = (
			);
			dependencies = (
			);
			name = Buromotors;
			productName = Buromotors;
			productReference = EDA044A12508C54000FDF321 /* Buromotors.app */;
			productType = "com.apple.product-type.application";
		};
/* End PBXNativeTarget section */

/* Begin PBXProject section */
		EDA044992508C54000FDF321 /* Project object */ = {
			isa = PBXProject;
			attributes = {
				LastSwiftUpdateCheck = 1160;
				LastUpgradeCheck = 1200;
				ORGANIZATIONNAME = "Anton Redkozubov";
				TargetAttributes = {
					EDA044A02508C54000FDF321 = {
						CreatedOnToolsVersion = 11.6;
					};
				};
			};
			buildConfigurationList = EDA0449C2508C54000FDF321 /* Build configuration list for PBXProject "Buromotors" */;
			compatibilityVersion = "Xcode 9.3";
			developmentRegion = en;
			hasScannedForEncodings = 0;
			knownRegions = (
				en,
				Base,
			);
			mainGroup = EDA044982508C54000FDF321;
			productRefGroup = EDA044A22508C54000FDF321 /* Products */;
			projectDirPath = "";
			projectRoot = "";
			targets = (
				EDA044A02508C54000FDF321 /* Buromotors */,
			);
		};
/* End PBXProject section */

/* Begin PBXResourcesBuildPhase section */
		EDA0449F2508C54000FDF321 /* Resources */ = {
			isa = PBXResourcesBuildPhase;
			buildActionMask = 2147483647;
			files = (
				8BF8622A252DE5EC00371B07 /* DocumentTableViewCell.xib in Resources */,
				ED46F1852546DD6D00B9B70A /* ZapTableViewCell.xib in Resources */,
				8BB164952545DFCF001A4502 /* WorksViewCell.xib in Resources */,
				EDA044B12508C54100FDF321 /* LaunchScreen.storyboard in Resources */,
				EDA044AE2508C54100FDF321 /* Assets.xcassets in Resources */,
				EDA044AC2508C54000FDF321 /* Main.storyboard in Resources */,
			);
			runOnlyForDeploymentPostprocessing = 0;
		};
/* End PBXResourcesBuildPhase section */

/* Begin PBXShellScriptBuildPhase section */
		6298FDDAC9561B7FADEE0CD8 /* [CP] Check Pods Manifest.lock */ = {
			isa = PBXShellScriptBuildPhase;
			buildActionMask = 2147483647;
			files = (
			);
			inputFileListPaths = (
			);
			inputPaths = (
				"${PODS_PODFILE_DIR_PATH}/Podfile.lock",
				"${PODS_ROOT}/Manifest.lock",
			);
			name = "[CP] Check Pods Manifest.lock";
			outputFileListPaths = (
			);
			outputPaths = (
				"$(DERIVED_FILE_DIR)/Pods-Buromotors-checkManifestLockResult.txt",
			);
			runOnlyForDeploymentPostprocessing = 0;
			shellPath = /bin/sh;
			shellScript = "diff \"${PODS_PODFILE_DIR_PATH}/Podfile.lock\" \"${PODS_ROOT}/Manifest.lock\" > /dev/null\nif [ $? != 0 ] ; then\n    # print error to STDERR\n    echo \"error: The sandbox is not in sync with the Podfile.lock. Run 'pod install' or update your CocoaPods installation.\" >&2\n    exit 1\nfi\n# This output is used by Xcode 'outputs' to avoid re-running this script phase.\necho \"SUCCESS\" > \"${SCRIPT_OUTPUT_FILE_0}\"\n";
			showEnvVarsInLog = 0;
		};
		972D740896D7361031032419 /* [CP] Embed Pods Frameworks */ = {
			isa = PBXShellScriptBuildPhase;
			buildActionMask = 2147483647;
			files = (
			);
			inputFileListPaths = (
				"${PODS_ROOT}/Target Support Files/Pods-Buromotors/Pods-Buromotors-frameworks-${CONFIGURATION}-input-files.xcfilelist",
			);
			name = "[CP] Embed Pods Frameworks";
			outputFileListPaths = (
				"${PODS_ROOT}/Target Support Files/Pods-Buromotors/Pods-Buromotors-frameworks-${CONFIGURATION}-output-files.xcfilelist",
			);
			runOnlyForDeploymentPostprocessing = 0;
			shellPath = /bin/sh;
			shellScript = "\"${PODS_ROOT}/Target Support Files/Pods-Buromotors/Pods-Buromotors-frameworks.sh\"\n";
			showEnvVarsInLog = 0;
		};
/* End PBXShellScriptBuildPhase section */

/* Begin PBXSourcesBuildPhase section */
		EDA0449D2508C54000FDF321 /* Sources */ = {
			isa = PBXSourcesBuildPhase;
			buildActionMask = 2147483647;
			files = (
				8B13CA112524A4C700B392C7 /* MyProfileViewController.swift in Sources */,
				EDFF96862520F092002E557A /* ServiceWork.swift in Sources */,
				EDFF96822520EF10002E557A /* ServiceDocument.swift in Sources */,
				EDFF968C2520F186002E557A /* ServiceAddonModel.swift in Sources */,
				EDE21DFB253864600039278E /* AdvertisingService.swift in Sources */,
				ED71A3A6253DE1A900324D6C /* ServiceWorkViewController.swift in Sources */,
				8BF6E31E2555CCF40074A10A /* DocFilter.swift in Sources */,
				ED68CF102559599A00E8FC67 /* FilterViewController.swift in Sources */,
				EDFF96982520F2EA002E557A /* CustomerModel.swift in Sources */,
				EDFF96962520F2DE002E557A /* Customer.swift in Sources */,
				EDA044A92508C54000FDF321 /* ViewController.swift in Sources */,
				ED6A45B22541DB9400BA330E /* UserRole.swift in Sources */,
				ED72C9732549C0D000E10F58 /* Register.swift in Sources */,
				ED72C9762549C0E400E10F58 /* RegisterModel.swift in Sources */,
				EDFF96942520F29B002E557A /* VehicleMileageModel.swift in Sources */,
				8BEB4B03251B65AC00E2805F /* AthService.swift in Sources */,
				8BC63B88251E079F0030A7B0 /* OrdersListViewController.swift in Sources */,
				ED6613A72535B61C00A98419 /* UserInfoModel.swift in Sources */,
				EDFF96902520F202002E557A /* VehicleModel.swift in Sources */,
				EDA044A52508C54000FDF321 /* AppDelegate.swift in Sources */,
				8BB164942545DFCF001A4502 /* WorksViewCell.swift in Sources */,
				EDFF968E2520F1F7002E557A /* Vehicle.swift in Sources */,
				ED2DD852251CFE6500F4566F /* MainViewController.swift in Sources */,
				EDFF968A2520F17D002E557A /* ServiceAddon.swift in Sources */,
				8BF86229252DE5EC00371B07 /* DocumentTableViewCell.swift in Sources */,
				ED6613AE2535C50F00A98419 /* AdEntity.swift in Sources */,
				8BC63B99251E0DE60030A7B0 /* UserProfileModel.swift in Sources */,
				ED034BC8253C5403003239BA /* RegistrationViewController.swift in Sources */,
				EDFF96922520F28C002E557A /* VehicleMileage.swift in Sources */,
				EDABC23B252F1B6400BC3147 /* WorkOrderService.swift in Sources */,
				ED8D9602258A949700FBDE9E /* OrdersDetailsViewController.swift in Sources */,
				ED6A45AF2541DB1700BA330E /* UserRoleModel.swift in Sources */,
				EDA044A72508C54000FDF321 /* SceneDelegate.swift in Sources */,
				8BC63B85251E056A0030A7B0 /* UIViewConctroller+extension.swift in Sources */,
				8BC63B8F251E0CB70030A7B0 /* UserProfile.swift in Sources */,
				ED71A3A9253DE21400324D6C /* ZapServiceViewController.swift in Sources */,
				8BC63B80251E038F0030A7B0 /* Dictionary+extension.swift in Sources */,
				ED46F1842546DD6D00B9B70A /* ZapTableViewCell.swift in Sources */,
				EDABC23D252F2CE800BC3147 /* OrderDetailsViewController.swift in Sources */,
				ED6613B22535C52A00A98419 /* AdEntityModel.swift in Sources */,
				EDFF96882520F09F002E557A /* ServiceWorkModel.swift in Sources */,
				8B6A87D12529E67A003C0231 /* ProfileType.swift in Sources */,
				ED3238F225261D1800FD9F6F /* OrderService.swift in Sources */,
				EDFF96842520EF24002E557A /* ServiceDocumentModel.swift in Sources */,
				ED5C4B04254961F000645CE2 /* DocumentStatus.swift in Sources */,
				8BEB4B06251B880700E2805F /* TokenService.swift in Sources */,
				8B6A87D62529E92B003C0231 /* URLs.swift in Sources */,
				ED8DABCC25483C4900B82EC2 /* PaidStatus.swift in Sources */,
				ED6613AA2535B62C00A98419 /* UserInfo.swift in Sources */,
				8BDEF90D257A6E7700769786 /* RegUserViewController.swift in Sources */,
				8BC63B8B251E09BF0030A7B0 /* ProfileService.swift in Sources */,
			);
			runOnlyForDeploymentPostprocessing = 0;
		};
/* End PBXSourcesBuildPhase section */

/* Begin PBXVariantGroup section */
		EDA044AA2508C54000FDF321 /* Main.storyboard */ = {
			isa = PBXVariantGroup;
			children = (
				EDA044AB2508C54000FDF321 /* Base */,
			);
			name = Main.storyboard;
			sourceTree = "<group>";
		};
		EDA044AF2508C54100FDF321 /* LaunchScreen.storyboard */ = {
			isa = PBXVariantGroup;
			children = (
				EDA044B02508C54100FDF321 /* Base */,
			);
			name = LaunchScreen.storyboard;
			sourceTree = "<group>";
		};
/* End PBXVariantGroup section */

/* Begin XCBuildConfiguration section */
		EDA044B32508C54100FDF321 /* Debug */ = {
			isa = XCBuildConfiguration;
			buildSettings = {
				ALWAYS_SEARCH_USER_PATHS = NO;
				CLANG_ANALYZER_NONNULL = YES;
				CLANG_ANALYZER_NUMBER_OBJECT_CONVERSION = YES_AGGRESSIVE;
				CLANG_CXX_LANGUAGE_STANDARD = "gnu++14";
				CLANG_CXX_LIBRARY = "libc++";
				CLANG_ENABLE_MODULES = YES;
				CLANG_ENABLE_OBJC_ARC = YES;
				CLANG_ENABLE_OBJC_WEAK = YES;
				CLANG_WARN_BLOCK_CAPTURE_AUTORELEASING = YES;
				CLANG_WARN_BOOL_CONVERSION = YES;
				CLANG_WARN_COMMA = YES;
				CLANG_WARN_CONSTANT_CONVERSION = YES;
				CLANG_WARN_DEPRECATED_OBJC_IMPLEMENTATIONS = YES;
				CLANG_WARN_DIRECT_OBJC_ISA_USAGE = YES_ERROR;
				CLANG_WARN_DOCUMENTATION_COMMENTS = YES;
				CLANG_WARN_EMPTY_BODY = YES;
				CLANG_WARN_ENUM_CONVERSION = YES;
				CLANG_WARN_INFINITE_RECURSION = YES;
				CLANG_WARN_INT_CONVERSION = YES;
				CLANG_WARN_NON_LITERAL_NULL_CONVERSION = YES;
				CLANG_WARN_OBJC_IMPLICIT_RETAIN_SELF = YES;
				CLANG_WARN_OBJC_LITERAL_CONVERSION = YES;
				CLANG_WARN_OBJC_ROOT_CLASS = YES_ERROR;
				CLANG_WARN_QUOTED_INCLUDE_IN_FRAMEWORK_HEADER = YES;
				CLANG_WARN_RANGE_LOOP_ANALYSIS = YES;
				CLANG_WARN_STRICT_PROTOTYPES = YES;
				CLANG_WARN_SUSPICIOUS_MOVE = YES;
				CLANG_WARN_UNGUARDED_AVAILABILITY = YES_AGGRESSIVE;
				CLANG_WARN_UNREACHABLE_CODE = YES;
				CLANG_WARN__DUPLICATE_METHOD_MATCH = YES;
				COPY_PHASE_STRIP = NO;
				DEBUG_INFORMATION_FORMAT = dwarf;
				ENABLE_STRICT_OBJC_MSGSEND = YES;
				ENABLE_TESTABILITY = YES;
				GCC_C_LANGUAGE_STANDARD = gnu11;
				GCC_DYNAMIC_NO_PIC = NO;
				GCC_NO_COMMON_BLOCKS = YES;
				GCC_OPTIMIZATION_LEVEL = 0;
				GCC_PREPROCESSOR_DEFINITIONS = (
					"DEBUG=1",
					"$(inherited)",
				);
				GCC_WARN_64_TO_32_BIT_CONVERSION = YES;
				GCC_WARN_ABOUT_RETURN_TYPE = YES_ERROR;
				GCC_WARN_UNDECLARED_SELECTOR = YES;
				GCC_WARN_UNINITIALIZED_AUTOS = YES_AGGRESSIVE;
				GCC_WARN_UNUSED_FUNCTION = YES;
				GCC_WARN_UNUSED_VARIABLE = YES;
				IPHONEOS_DEPLOYMENT_TARGET = 13.6;
				MTL_ENABLE_DEBUG_INFO = INCLUDE_SOURCE;
				MTL_FAST_MATH = YES;
				ONLY_ACTIVE_ARCH = YES;
				SDKROOT = iphoneos;
				SWIFT_ACTIVE_COMPILATION_CONDITIONS = DEBUG;
				SWIFT_OPTIMIZATION_LEVEL = "-Onone";
			};
			name = Debug;
		};
		EDA044B42508C54100FDF321 /* Release */ = {
			isa = XCBuildConfiguration;
			buildSettings = {
				ALWAYS_SEARCH_USER_PATHS = NO;
				CLANG_ANALYZER_NONNULL = YES;
				CLANG_ANALYZER_NUMBER_OBJECT_CONVERSION = YES_AGGRESSIVE;
				CLANG_CXX_LANGUAGE_STANDARD = "gnu++14";
				CLANG_CXX_LIBRARY = "libc++";
				CLANG_ENABLE_MODULES = YES;
				CLANG_ENABLE_OBJC_ARC = YES;
				CLANG_ENABLE_OBJC_WEAK = YES;
				CLANG_WARN_BLOCK_CAPTURE_AUTORELEASING = YES;
				CLANG_WARN_BOOL_CONVERSION = YES;
				CLANG_WARN_COMMA = YES;
				CLANG_WARN_CONSTANT_CONVERSION = YES;
				CLANG_WARN_DEPRECATED_OBJC_IMPLEMENTATIONS = YES;
				CLANG_WARN_DIRECT_OBJC_ISA_USAGE = YES_ERROR;
				CLANG_WARN_DOCUMENTATION_COMMENTS = YES;
				CLANG_WARN_EMPTY_BODY = YES;
				CLANG_WARN_ENUM_CONVERSION = YES;
				CLANG_WARN_INFINITE_RECURSION = YES;
				CLANG_WARN_INT_CONVERSION = YES;
				CLANG_WARN_NON_LITERAL_NULL_CONVERSION = YES;
				CLANG_WARN_OBJC_IMPLICIT_RETAIN_SELF = YES;
				CLANG_WARN_OBJC_LITERAL_CONVERSION = YES;
				CLANG_WARN_OBJC_ROOT_CLASS = YES_ERROR;
				CLANG_WARN_QUOTED_INCLUDE_IN_FRAMEWORK_HEADER = YES;
				CLANG_WARN_RANGE_LOOP_ANALYSIS = YES;
				CLANG_WARN_STRICT_PROTOTYPES = YES;
				CLANG_WARN_SUSPICIOUS_MOVE = YES;
				CLANG_WARN_UNGUARDED_AVAILABILITY = YES_AGGRESSIVE;
				CLANG_WARN_UNREACHABLE_CODE = YES;
				CLANG_WARN__DUPLICATE_METHOD_MATCH = YES;
				COPY_PHASE_STRIP = NO;
				DEBUG_INFORMATION_FORMAT = "dwarf-with-dsym";
				ENABLE_NS_ASSERTIONS = NO;
				ENABLE_STRICT_OBJC_MSGSEND = YES;
				GCC_C_LANGUAGE_STANDARD = gnu11;
				GCC_NO_COMMON_BLOCKS = YES;
				GCC_WARN_64_TO_32_BIT_CONVERSION = YES;
				GCC_WARN_ABOUT_RETURN_TYPE = YES_ERROR;
				GCC_WARN_UNDECLARED_SELECTOR = YES;
				GCC_WARN_UNINITIALIZED_AUTOS = YES_AGGRESSIVE;
				GCC_WARN_UNUSED_FUNCTION = YES;
				GCC_WARN_UNUSED_VARIABLE = YES;
				IPHONEOS_DEPLOYMENT_TARGET = 13.6;
				MTL_ENABLE_DEBUG_INFO = NO;
				MTL_FAST_MATH = YES;
				SDKROOT = iphoneos;
				SWIFT_COMPILATION_MODE = wholemodule;
				SWIFT_OPTIMIZATION_LEVEL = "-O";
				VALIDATE_PRODUCT = YES;
			};
			name = Release;
		};
		EDA044B62508C54100FDF321 /* Debug */ = {
			isa = XCBuildConfiguration;
			baseConfigurationReference = 36D617D3361E2C32A74A2413 /* Pods-Buromotors.debug.xcconfig */;
			buildSettings = {
				ASSETCATALOG_COMPILER_APPICON_NAME = AppIcon;
				CODE_SIGN_STYLE = Automatic;
				DEVELOPMENT_TEAM = 9BPHV593J8;
				INFOPLIST_FILE = Buromotors/Info.plist;
				LD_RUNPATH_SEARCH_PATHS = (
					"$(inherited)",
					"@executable_path/Frameworks",
				);
				PRODUCT_BUNDLE_IDENTIFIER = ru.redkozubov.Buromotors;
				PRODUCT_NAME = "$(TARGET_NAME)";
				SWIFT_VERSION = 5.0;
				TARGETED_DEVICE_FAMILY = "1,2";
			};
			name = Debug;
		};
		EDA044B72508C54100FDF321 /* Release */ = {
			isa = XCBuildConfiguration;
			baseConfigurationReference = 2D58037131A1917D6248B73D /* Pods-Buromotors.release.xcconfig */;
			buildSettings = {
				ASSETCATALOG_COMPILER_APPICON_NAME = AppIcon;
				CODE_SIGN_STYLE = Automatic;
				DEVELOPMENT_TEAM = 9BPHV593J8;
				INFOPLIST_FILE = Buromotors/Info.plist;
				LD_RUNPATH_SEARCH_PATHS = (
					"$(inherited)",
					"@executable_path/Frameworks",
				);
				PRODUCT_BUNDLE_IDENTIFIER = ru.redkozubov.Buromotors;
				PRODUCT_NAME = "$(TARGET_NAME)";
				SWIFT_VERSION = 5.0;
				TARGETED_DEVICE_FAMILY = "1,2";
			};
			name = Release;
		};
/* End XCBuildConfiguration section */

/* Begin XCConfigurationList section */
		EDA0449C2508C54000FDF321 /* Build configuration list for PBXProject "Buromotors" */ = {
			isa = XCConfigurationList;
			buildConfigurations = (
				EDA044B32508C54100FDF321 /* Debug */,
				EDA044B42508C54100FDF321 /* Release */,
			);
			defaultConfigurationIsVisible = 0;
			defaultConfigurationName = Release;
		};
		EDA044B52508C54100FDF321 /* Build configuration list for PBXNativeTarget "Buromotors" */ = {
			isa = XCConfigurationList;
			buildConfigurations = (
				EDA044B62508C54100FDF321 /* Debug */,
				EDA044B72508C54100FDF321 /* Release */,
			);
			defaultConfigurationIsVisible = 0;
			defaultConfigurationName = Release;
		};
/* End XCConfigurationList section */
	};
	rootObject = EDA044992508C54000FDF321 /* Project object */;
}
